
Microsoft Visual Studio Solution File, Format Version 12.00
# Visual Studio 14
VisualStudioVersion = 14.0.25123.0
MinimumVisualStudioVersion = 10.0.40219.1
Project("{FAE04EC0-301F-11D3-BF4B-00C04F79EFBC}") = "Flingstones", "Flingstones.csproj", "{F43BC8A8-4271-4081-98CA-3D98135791B2}"
EndProject
Global
	GlobalSection(SolutionConfigurationPlatforms) = preSolution
		Debug|Any CPU = Debug|Any CPU
		Release|Any CPU = Release|Any CPU
	EndGlobalSection
	GlobalSection(ProjectConfigurationPlatforms) = postSolution
		{F43BC8A8-4271-4081-98CA-3D98135791B2}.Debug|Any CPU.ActiveCfg = Debug|Any CPU
		{F43BC8A8-4271-4081-98CA-3D98135791B2}.Debug|Any CPU.Build.0 = Debug|Any CPU
		{F43BC8A8-4271-4081-98CA-3D98135791B2}.Release|Any CPU.ActiveCfg = Release|Any CPU
		{F43BC8A8-4271-4081-98CA-3D98135791B2}.Release|Any CPU.Build.0 = Release|Any CPU
	EndGlobalSection
	GlobalSection(SolutionProperties) = preSolution
		HideSolutionNode = FALSE
	EndGlobalSection
EndGlobal
